{
  "name": "donkey",
  "version": "1.0.0",
  "lockfileVersion": 1,
  "requires": true,
  "dependencies": {
    "@types/ioredis": {
      "version": "4.26.6",
      "resolved": "https://registry.npmjs.org/@types/ioredis/-/ioredis-4.26.6.tgz",
      "integrity": "sha512-Q9ydXL/5Mot751i7WLCm9OGTj5jlW3XBdkdEW21SkXZ8Y03srbkluFGbM3q8c+vzPW30JOLJ+NsZWHoly0+13A==",
      "dev": true,
      "requires": {
        "@types/node": "*"
      }
    },
    "@types/node": {
      "version": "15.12.4",
      "resolved": "https://registry.npmjs.org/@types/node/-/node-15.12.4.tgz",
      "integrity": "sha512-zrNj1+yqYF4WskCMOHwN+w9iuD12+dGm0rQ35HLl9/Ouuq52cEtd0CH9qMgrdNmi5ejC1/V7vKEXYubB+65DkA==",
      "dev": true
    },
    "@types/rate-limit-redis": {
      "version": "1.7.2",
      "resolved": "https://registry.npmjs.org/@types/rate-limit-redis/-/rate-limit-redis-1.7.2.tgz",
      "integrity": "sha512-6Rl/7pKHpTYCUnj+2WGfpcF5YiZAV1Zn9GDjZI1pnRcY1qZi9MED7YQSKmGnycLHk5E8vorARw2S9llfkhd6xQ==",
      "dev": true,
      "requires": {
        "@types/ioredis": "*",
        "@types/redis": "*",
        "express-rate-limit": ">=3.4.0"
      }
    },
    "@types/redis": {
      "version": "2.8.31",
      "resolved": "https://registry.npmjs.org/@types/redis/-/redis-2.8.31.tgz",
      "integrity": "sha512-daWrrTDYaa5iSDFbgzZ9gOOzyp2AJmYK59OlG/2KGBgYWF3lfs8GDKm1c//tik5Uc93hDD36O+qLPvzDolChbA==",
      "dev": true,
      "requires": {
        "@types/node": "*"
      }
    },
    "clone": {
      "version": "1.0.4",
      "resolved": "https://registry.npmjs.org/clone/-/clone-1.0.4.tgz",
      "integrity": "sha1-2jCcwmPfFZlMaIypAheco8fNfH4="
    },
    "commander": {
      "version": "7.2.0",
      "resolved": "https://registry.npmjs.org/commander/-/commander-7.2.0.tgz",
      "integrity": "sha512-QrWXB+ZQSVPmIWIhtEO9H+gwHaMGYiF5ChvoJ+K9ZGHG/sVsa6yiesAD1GC/x46sET00Xlwo1u49RVVVzvcSkw=="
    },
    "defaults": {
      "version": "1.0.3",
      "resolved": "https://registry.npmjs.org/defaults/-/defaults-1.0.3.tgz",
      "integrity": "sha1-xlYFHpgX2f8I7YgUd/P+QBnz730=",
      "requires": {
        "clone": "^1.0.2"
      }
    },
    "denque": {
      "version": "1.5.0",
      "resolved": "https://registry.npmjs.org/denque/-/denque-1.5.0.tgz",
      "integrity": "sha512-CYiCSgIF1p6EUByQPlGkKnP1M9g0ZV3qMIrqMqZqdwazygIA/YP2vrbcyl1h/WppKJTdl1F85cXIle+394iDAQ=="
    },
    "express-rate-limit": {
      "version": "5.3.0",
      "resolved": "https://registry.npmjs.org/express-rate-limit/-/express-rate-limit-5.3.0.tgz",
      "integrity": "sha512-qJhfEgCnmteSeZAeuOKQ2WEIFTX5ajrzE0xS6gCOBCoRQcU+xEzQmgYQQTpzCcqUAAzTEtu4YEih4pnLfvNtew==",
      "dev": true
    },
    "rate-limit-redis": {
      "version": "2.1.0",
      "resolved": "https://registry.npmjs.org/rate-limit-redis/-/rate-limit-redis-2.1.0.tgz",
      "integrity": "sha512-6SAsTCzY0v6UCIKLOLLYqR2XzFmgdtF7jWXlSPq2FrNIZk8tZ7xwBvyGW7GFMCe5I4S9lYNdrSJ9E84rz3/CpA==",
      "requires": {
        "defaults": "^1.0.3",
        "redis": "^3.0.2"
      }
    },
    "redis": {
      "version": "3.1.2",
      "resolved": "https://registry.npmjs.org/redis/-/redis-3.1.2.tgz",
      "integrity": "sha512-grn5KoZLr/qrRQVwoSkmzdbw6pwF+/rwODtrOr6vuBRiR/f3rjSTGupbF90Zpqm2oenix8Do6RV7pYEkGwlKkw==",
      "requires": {
        "denque": "^1.5.0",
        "redis-commands": "^1.7.0",
        "redis-errors": "^1.2.0",
        "redis-parser": "^3.0.0"
      }
    },
    "redis-commands": {
      "version": "1.7.0",
      "resolved": "https://registry.npmjs.org/redis-commands/-/redis-commands-1.7.0.tgz",
      "integrity": "sha512-nJWqw3bTFy21hX/CPKHth6sfhZbdiHP6bTawSgQBlKOVRG7EZkfHbbHwQJnrE4vsQf0CMNE+3gJ4Fmm16vdVlQ=="
    },
    "redis-errors": {
      "version": "1.2.0",
      "resolved": "https://registry.npmjs.org/redis-errors/-/redis-errors-1.2.0.tgz",
      "integrity": "sha1-62LSrbFeTq9GEMBK/hUpOEJQq60="
    },
    "redis-parser": {
      "version": "3.0.0",
      "resolved": "https://registry.npmjs.org/redis-parser/-/redis-parser-3.0.0.tgz",
      "integrity": "sha1-tm2CjNyv5rS4pCin3vTGvKwxyLQ=",
      "requires": {
        "redis-errors": "^1.0.0"
      }
    },
    "typescript": {
      "version": "4.3.4",
      "resolved": "https://registry.npmjs.org/typescript/-/typescript-4.3.4.tgz",
      "integrity": "sha512-uauPG7XZn9F/mo+7MrsRjyvbxFpzemRjKEZXS4AK83oP2KKOJPvb+9cO/gmnv8arWZvhnjVOXz7B49m1l0e9Ew=="
    }
  }
}
